<?xml version="1.0" encoding="utf-8"?>
<Project ToolsVersion="4.0" xmlns="http://schemas.microsoft.com/developer/msbuild/2003">
  <ItemGroup>
    <Filter Include="源文件">
      <UniqueIdentifier>{4FC737F1-C7A5-4376-A066-2A32D752A2FF}</UniqueIdentifier>
      <Extensions>cpp;c;cc;cxx;def;odl;idl;hpj;bat;asm;asmx</Extensions>
    </Filter>
    <Filter Include="头文件">
      <UniqueIdentifier>{93995380-89BD-4b04-88EB-625FBE52EBFB}</UniqueIdentifier>
      <Extensions>h;hh;hpp;hxx;hm;inl;inc;ipp;xsd</Extensions>
    </Filter>
    <Filter Include="资源文件">
      <UniqueIdentifier>{67DA6AB6-F800-4c08-8B7A-83BB121AAD01}</UniqueIdentifier>
      <Extensions>rc;ico;cur;bmp;dlg;rc2;rct;bin;rgs;gif;jpg;jpeg;jpe;resx;tiff;tif;png;wav;mfcribbon-ms</Extensions>
    </Filter>
  </ItemGroup>
  <ItemGroup>
    <ClCompile Include="..\src\main\cpp\action.cpp">
      <Filter>源文件</Filter>
    </ClCompile>
    <ClCompile Include="..\src\main\cpp\appenderattachableimpl.cpp">
      <Filter>源文件</Filter>
    </ClCompile>
    <ClCompile Include="..\src\main\cpp\appenderskeleton.cpp">
      <Filter>源文件</Filter>
    </ClCompile>
    <ClCompile Include="..\src\main\cpp\aprinitializer.cpp">
      <Filter>源文件</Filter>
    </ClCompile>
    <ClCompile Include="..\src\main\cpp\asyncappender.cpp">
      <Filter>源文件</Filter>
    </ClCompile>
    <ClCompile Include="..\src\main\cpp\basicconfigurator.cpp">
      <Filter>源文件</Filter>
    </ClCompile>
    <ClCompile Include="..\src\main\cpp\bufferedwriter.cpp">
      <Filter>源文件</Filter>
    </ClCompile>
    <ClCompile Include="..\src\main\cpp\bytearrayinputstream.cpp">
      <Filter>源文件</Filter>
    </ClCompile>
    <ClCompile Include="..\src\main\cpp\bytearrayoutputstream.cpp">
      <Filter>源文件</Filter>
    </ClCompile>
    <ClCompile Include="..\src\main\cpp\bytebuffer.cpp">
      <Filter>源文件</Filter>
    </ClCompile>
    <ClCompile Include="..\src\main\cpp\cacheddateformat.cpp">
      <Filter>源文件</Filter>
    </ClCompile>
    <ClCompile Include="..\src\main\cpp\charsetdecoder.cpp">
      <Filter>源文件</Filter>
    </ClCompile>
    <ClCompile Include="..\src\main\cpp\charsetencoder.cpp">
      <Filter>源文件</Filter>
    </ClCompile>
    <ClCompile Include="..\src\main\cpp\class.cpp">
      <Filter>源文件</Filter>
    </ClCompile>
    <ClCompile Include="..\src\main\cpp\classnamepatternconverter.cpp">
      <Filter>源文件</Filter>
    </ClCompile>
    <ClCompile Include="..\src\main\cpp\classregistration.cpp">
      <Filter>源文件</Filter>
    </ClCompile>
    <ClCompile Include="..\src\main\cpp\condition.cpp">
      <Filter>源文件</Filter>
    </ClCompile>
    <ClCompile Include="..\src\main\cpp\configurator.cpp">
      <Filter>源文件</Filter>
    </ClCompile>
    <ClCompile Include="..\src\main\cpp\consoleappender.cpp">
      <Filter>源文件</Filter>
    </ClCompile>
    <ClCompile Include="..\src\main\cpp\cyclicbuffer.cpp">
      <Filter>源文件</Filter>
    </ClCompile>
    <ClCompile Include="..\src\main\cpp\dailyrollingfileappender.cpp">
      <Filter>源文件</Filter>
    </ClCompile>
    <ClCompile Include="..\src\main\cpp\datagrampacket.cpp">
      <Filter>源文件</Filter>
    </ClCompile>
    <ClCompile Include="..\src\main\cpp\datagramsocket.cpp">
      <Filter>源文件</Filter>
    </ClCompile>
    <ClCompile Include="..\src\main\cpp\date.cpp">
      <Filter>源文件</Filter>
    </ClCompile>
    <ClCompile Include="..\src\main\cpp\dateformat.cpp">
      <Filter>源文件</Filter>
    </ClCompile>
    <ClCompile Include="..\src\main\cpp\datelayout.cpp">
      <Filter>源文件</Filter>
    </ClCompile>
    <ClCompile Include="..\src\main\cpp\datepatternconverter.cpp">
      <Filter>源文件</Filter>
    </ClCompile>
    <ClCompile Include="..\src\main\cpp\defaultconfigurator.cpp">
      <Filter>源文件</Filter>
    </ClCompile>
    <ClCompile Include="..\src\main\cpp\defaultloggerfactory.cpp">
      <Filter>源文件</Filter>
    </ClCompile>
    <ClCompile Include="..\src\main\cpp\defaultrepositoryselector.cpp">
      <Filter>源文件</Filter>
    </ClCompile>
    <ClCompile Include="..\src\main\cpp\domconfigurator.cpp">
      <Filter>源文件</Filter>
    </ClCompile>
    <ClCompile Include="..\src\main\cpp\exception.cpp">
      <Filter>源文件</Filter>
    </ClCompile>
    <ClCompile Include="..\src\main\cpp\fallbackerrorhandler.cpp">
      <Filter>源文件</Filter>
    </ClCompile>
    <ClCompile Include="..\src\main\cpp\file.cpp">
      <Filter>源文件</Filter>
    </ClCompile>
    <ClCompile Include="..\src\main\cpp\fileappender.cpp">
      <Filter>源文件</Filter>
    </ClCompile>
    <ClCompile Include="..\src\main\cpp\filedatepatternconverter.cpp">
      <Filter>源文件</Filter>
    </ClCompile>
    <ClCompile Include="..\src\main\cpp\fileinputstream.cpp">
      <Filter>源文件</Filter>
    </ClCompile>
    <ClCompile Include="..\src\main\cpp\filelocationpatternconverter.cpp">
      <Filter>源文件</Filter>
    </ClCompile>
    <ClCompile Include="..\src\main\cpp\fileoutputstream.cpp">
      <Filter>源文件</Filter>
    </ClCompile>
    <ClCompile Include="..\src\main\cpp\filerenameaction.cpp">
      <Filter>源文件</Filter>
    </ClCompile>
    <ClCompile Include="..\src\main\cpp\filewatchdog.cpp">
      <Filter>源文件</Filter>
    </ClCompile>
    <ClCompile Include="..\src\main\cpp\filter.cpp">
      <Filter>源文件</Filter>
    </ClCompile>
    <ClCompile Include="..\src\main\cpp\filterbasedtriggeringpolicy.cpp">
      <Filter>源文件</Filter>
    </ClCompile>
    <ClCompile Include="..\src\main\cpp\fixedwindowrollingpolicy.cpp">
      <Filter>源文件</Filter>
    </ClCompile>
    <ClCompile Include="..\src\main\cpp\formattinginfo.cpp">
      <Filter>源文件</Filter>
    </ClCompile>
    <ClCompile Include="..\src\main\cpp\fulllocationpatternconverter.cpp">
      <Filter>源文件</Filter>
    </ClCompile>
    <ClCompile Include="..\src\main\cpp\gzcompressaction.cpp">
      <Filter>源文件</Filter>
    </ClCompile>
    <ClCompile Include="..\src\main\cpp\hierarchy.cpp">
      <Filter>源文件</Filter>
    </ClCompile>
    <ClCompile Include="..\src\main\cpp\htmllayout.cpp">
      <Filter>源文件</Filter>
    </ClCompile>
    <ClCompile Include="..\src\main\cpp\inetaddress.cpp">
      <Filter>源文件</Filter>
    </ClCompile>
    <ClCompile Include="..\src\main\cpp\inputstream.cpp">
      <Filter>源文件</Filter>
    </ClCompile>
    <ClCompile Include="..\src\main\cpp\inputstreamreader.cpp">
      <Filter>源文件</Filter>
    </ClCompile>
    <ClCompile Include="..\src\main\cpp\integer.cpp">
      <Filter>源文件</Filter>
    </ClCompile>
    <ClCompile Include="..\src\main\cpp\integerpatternconverter.cpp">
      <Filter>源文件</Filter>
    </ClCompile>
    <ClCompile Include="..\src\main\cpp\layout.cpp">
      <Filter>源文件</Filter>
    </ClCompile>
    <ClCompile Include="..\src\main\cpp\level.cpp">
      <Filter>源文件</Filter>
    </ClCompile>
    <ClCompile Include="..\src\main\cpp\levelmatchfilter.cpp">
      <Filter>源文件</Filter>
    </ClCompile>
    <ClCompile Include="..\src\main\cpp\levelpatternconverter.cpp">
      <Filter>源文件</Filter>
    </ClCompile>
    <ClCompile Include="..\src\main\cpp\levelrangefilter.cpp">
      <Filter>源文件</Filter>
    </ClCompile>
    <ClCompile Include="..\src\main\cpp\linelocationpatternconverter.cpp">
      <Filter>源文件</Filter>
    </ClCompile>
    <ClCompile Include="..\src\main\cpp\lineseparatorpatternconverter.cpp">
      <Filter>源文件</Filter>
    </ClCompile>
    <ClCompile Include="..\src\main\cpp\literalpatternconverter.cpp">
      <Filter>源文件</Filter>
    </ClCompile>
    <ClCompile Include="..\src\main\cpp\loader.cpp">
      <Filter>源文件</Filter>
    </ClCompile>
    <ClCompile Include="..\src\main\cpp\locale.cpp">
      <Filter>源文件</Filter>
    </ClCompile>
    <ClCompile Include="..\src\main\cpp\locationinfo.cpp">
      <Filter>源文件</Filter>
    </ClCompile>
    <ClCompile Include="..\src\main\cpp\logger.cpp">
      <Filter>源文件</Filter>
    </ClCompile>
    <ClCompile Include="..\src\main\cpp\loggerpatternconverter.cpp">
      <Filter>源文件</Filter>
    </ClCompile>
    <ClCompile Include="..\src\main\cpp\loggingevent.cpp">
      <Filter>源文件</Filter>
    </ClCompile>
    <ClCompile Include="..\src\main\cpp\loggingeventpatternconverter.cpp">
      <Filter>源文件</Filter>
    </ClCompile>
    <ClCompile Include="..\src\main\cpp\loglog.cpp">
      <Filter>源文件</Filter>
    </ClCompile>
    <ClCompile Include="..\src\main\cpp\logmanager.cpp">
      <Filter>源文件</Filter>
    </ClCompile>
    <ClCompile Include="..\src\main\cpp\logstream.cpp">
      <Filter>源文件</Filter>
    </ClCompile>
    <ClCompile Include="..\src\main\cpp\manualtriggeringpolicy.cpp">
      <Filter>源文件</Filter>
    </ClCompile>
    <ClCompile Include="..\src\main\cpp\mdc.cpp">
      <Filter>源文件</Filter>
    </ClCompile>
    <ClCompile Include="..\src\main\cpp\messagebuffer.cpp">
      <Filter>源文件</Filter>
    </ClCompile>
    <ClCompile Include="..\src\main\cpp\messagepatternconverter.cpp">
      <Filter>源文件</Filter>
    </ClCompile>
    <ClCompile Include="..\src\main\cpp\methodlocationpatternconverter.cpp">
      <Filter>源文件</Filter>
    </ClCompile>
    <ClCompile Include="..\src\main\cpp\mutex.cpp">
      <Filter>源文件</Filter>
    </ClCompile>
    <ClCompile Include="..\src\main\cpp\nameabbreviator.cpp">
      <Filter>源文件</Filter>
    </ClCompile>
    <ClCompile Include="..\src\main\cpp\namepatternconverter.cpp">
      <Filter>源文件</Filter>
    </ClCompile>
    <ClCompile Include="..\src\main\cpp\ndc.cpp">
      <Filter>源文件</Filter>
    </ClCompile>
    <ClCompile Include="..\src\main\cpp\ndcpatternconverter.cpp">
      <Filter>源文件</Filter>
    </ClCompile>
    <ClCompile Include="..\src\main\cpp\nteventlogappender.cpp">
      <Filter>源文件</Filter>
    </ClCompile>
    <ClCompile Include="..\src\main\cpp\objectimpl.cpp">
      <Filter>源文件</Filter>
    </ClCompile>
    <ClCompile Include="..\src\main\cpp\objectoutputstream.cpp">
      <Filter>源文件</Filter>
    </ClCompile>
    <ClCompile Include="..\src\main\cpp\objectptr.cpp">
      <Filter>源文件</Filter>
    </ClCompile>
    <ClCompile Include="..\src\main\cpp\obsoleterollingfileappender.cpp">
      <Filter>源文件</Filter>
    </ClCompile>
    <ClCompile Include="..\src\main\cpp\odbcappender.cpp">
      <Filter>源文件</Filter>
    </ClCompile>
    <ClCompile Include="..\src\main\cpp\onlyonceerrorhandler.cpp">
      <Filter>源文件</Filter>
    </ClCompile>
    <ClCompile Include="..\src\main\cpp\optionconverter.cpp">
      <Filter>源文件</Filter>
    </ClCompile>
    <ClCompile Include="..\src\main\cpp\outputdebugstringappender.cpp">
      <Filter>源文件</Filter>
    </ClCompile>
    <ClCompile Include="..\src\main\cpp\outputstream.cpp">
      <Filter>源文件</Filter>
    </ClCompile>
    <ClCompile Include="..\src\main\cpp\outputstreamwriter.cpp">
      <Filter>源文件</Filter>
    </ClCompile>
    <ClCompile Include="..\src\main\cpp\patternconverter.cpp">
      <Filter>源文件</Filter>
    </ClCompile>
    <ClCompile Include="..\src\main\cpp\patternlayout.cpp">
      <Filter>源文件</Filter>
    </ClCompile>
    <ClCompile Include="..\src\main\cpp\patternparser.cpp">
      <Filter>源文件</Filter>
    </ClCompile>
    <ClCompile Include="..\src\main\cpp\pool.cpp">
      <Filter>源文件</Filter>
    </ClCompile>
    <ClCompile Include="..\src\main\cpp\properties.cpp">
      <Filter>源文件</Filter>
    </ClCompile>
    <ClCompile Include="..\src\main\cpp\propertiespatternconverter.cpp">
      <Filter>源文件</Filter>
    </ClCompile>
    <ClCompile Include="..\src\main\cpp\propertyconfigurator.cpp">
      <Filter>源文件</Filter>
    </ClCompile>
    <ClCompile Include="..\src\main\cpp\propertyresourcebundle.cpp">
      <Filter>源文件</Filter>
    </ClCompile>
    <ClCompile Include="..\src\main\cpp\propertysetter.cpp">
      <Filter>源文件</Filter>
    </ClCompile>
    <ClCompile Include="..\src\main\cpp\reader.cpp">
      <Filter>源文件</Filter>
    </ClCompile>
    <ClCompile Include="..\src\main\cpp\relativetimedateformat.cpp">
      <Filter>源文件</Filter>
    </ClCompile>
    <ClCompile Include="..\src\main\cpp\relativetimepatternconverter.cpp">
      <Filter>源文件</Filter>
    </ClCompile>
    <ClCompile Include="..\src\main\cpp\resourcebundle.cpp">
      <Filter>源文件</Filter>
    </ClCompile>
    <ClCompile Include="..\src\main\cpp\rollingfileappender.cpp">
      <Filter>源文件</Filter>
    </ClCompile>
    <ClCompile Include="..\src\main\cpp\rollingpolicy.cpp">
      <Filter>源文件</Filter>
    </ClCompile>
    <ClCompile Include="..\src\main\cpp\rollingpolicybase.cpp">
      <Filter>源文件</Filter>
    </ClCompile>
    <ClCompile Include="..\src\main\cpp\rolloverdescription.cpp">
      <Filter>源文件</Filter>
    </ClCompile>
    <ClCompile Include="..\src\main\cpp\rootlogger.cpp">
      <Filter>源文件</Filter>
    </ClCompile>
    <ClCompile Include="..\src\main\cpp\serversocket.cpp">
      <Filter>源文件</Filter>
    </ClCompile>
    <ClCompile Include="..\src\main\cpp\simpledateformat.cpp">
      <Filter>源文件</Filter>
    </ClCompile>
    <ClCompile Include="..\src\main\cpp\simplelayout.cpp">
      <Filter>源文件</Filter>
    </ClCompile>
    <ClCompile Include="..\src\main\cpp\sizebasedtriggeringpolicy.cpp">
      <Filter>源文件</Filter>
    </ClCompile>
    <ClCompile Include="..\src\main\cpp\smtpappender.cpp">
      <Filter>源文件</Filter>
    </ClCompile>
    <ClCompile Include="..\src\main\cpp\socket.cpp">
      <Filter>源文件</Filter>
    </ClCompile>
    <ClCompile Include="..\src\main\cpp\socketappender.cpp">
      <Filter>源文件</Filter>
    </ClCompile>
    <ClCompile Include="..\src\main\cpp\socketappenderskeleton.cpp">
      <Filter>源文件</Filter>
    </ClCompile>
    <ClCompile Include="..\src\main\cpp\sockethubappender.cpp">
      <Filter>源文件</Filter>
    </ClCompile>
    <ClCompile Include="..\src\main\cpp\socketoutputstream.cpp">
      <Filter>源文件</Filter>
    </ClCompile>
    <ClCompile Include="..\src\main\cpp\strftimedateformat.cpp">
      <Filter>源文件</Filter>
    </ClCompile>
    <ClCompile Include="..\src\main\cpp\stringhelper.cpp">
      <Filter>源文件</Filter>
    </ClCompile>
    <ClCompile Include="..\src\main\cpp\stringmatchfilter.cpp">
      <Filter>源文件</Filter>
    </ClCompile>
    <ClCompile Include="..\src\main\cpp\stringtokenizer.cpp">
      <Filter>源文件</Filter>
    </ClCompile>
    <ClCompile Include="..\src\main\cpp\synchronized.cpp">
      <Filter>源文件</Filter>
    </ClCompile>
    <ClCompile Include="..\src\main\cpp\syslogappender.cpp">
      <Filter>源文件</Filter>
    </ClCompile>
    <ClCompile Include="..\src\main\cpp\syslogwriter.cpp">
      <Filter>源文件</Filter>
    </ClCompile>
    <ClCompile Include="..\src\main\cpp\system.cpp">
      <Filter>源文件</Filter>
    </ClCompile>
    <ClCompile Include="..\src\main\cpp\systemerrwriter.cpp">
      <Filter>源文件</Filter>
    </ClCompile>
    <ClCompile Include="..\src\main\cpp\systemoutwriter.cpp">
      <Filter>源文件</Filter>
    </ClCompile>
    <ClCompile Include="..\src\main\cpp\telnetappender.cpp">
      <Filter>源文件</Filter>
    </ClCompile>
    <ClCompile Include="..\src\main\cpp\threadcxx.cpp">
      <Filter>源文件</Filter>
    </ClCompile>
    <ClCompile Include="..\src\main\cpp\threadlocal.cpp">
      <Filter>源文件</Filter>
    </ClCompile>
    <ClCompile Include="..\src\main\cpp\threadpatternconverter.cpp">
      <Filter>源文件</Filter>
    </ClCompile>
    <ClCompile Include="..\src\main\cpp\threadspecificdata.cpp">
      <Filter>源文件</Filter>
    </ClCompile>
    <ClCompile Include="..\src\main\cpp\throwableinformationpatternconverter.cpp">
      <Filter>源文件</Filter>
    </ClCompile>
    <ClCompile Include="..\src\main\cpp\timebasedrollingpolicy.cpp">
      <Filter>源文件</Filter>
    </ClCompile>
    <ClCompile Include="..\src\main\cpp\timezone.cpp">
      <Filter>源文件</Filter>
    </ClCompile>
    <ClCompile Include="..\src\main\cpp\transcoder.cpp">
      <Filter>源文件</Filter>
    </ClCompile>
    <ClCompile Include="..\src\main\cpp\transform.cpp">
      <Filter>源文件</Filter>
    </ClCompile>
    <ClCompile Include="..\src\main\cpp\triggeringpolicy.cpp">
      <Filter>源文件</Filter>
    </ClCompile>
    <ClCompile Include="..\src\main\cpp\ttcclayout.cpp">
      <Filter>源文件</Filter>
    </ClCompile>
    <ClCompile Include="..\src\main\cpp\writer.cpp">
      <Filter>源文件</Filter>
    </ClCompile>
    <ClCompile Include="..\src\main\cpp\writerappender.cpp">
      <Filter>源文件</Filter>
    </ClCompile>
    <ClCompile Include="..\src\main\cpp\xmllayout.cpp">
      <Filter>源文件</Filter>
    </ClCompile>
    <ClCompile Include="..\src\main\cpp\xmlsocketappender.cpp">
      <Filter>源文件</Filter>
    </ClCompile>
    <ClCompile Include="..\src\main\cpp\zipcompressaction.cpp">
      <Filter>源文件</Filter>
    </ClCompile>
    <ClInclude Include="..\src\main\include\log4cxx\rolling\action.h">
      <Filter>头文件</Filter>
    </ClInclude>
    <ClInclude Include="..\src\main\include\log4cxx\filter\andfilter.h">
      <Filter>头文件</Filter>
    </ClInclude>
    <ClInclude Include="..\src\main\include\log4cxx\appender.h">
      <Filter>头文件</Filter>
    </ClInclude>
    <ClInclude Include="..\src\main\include\log4cxx\spi\appenderattachable.h">
      <Filter>头文件</Filter>
    </ClInclude>
    <ClInclude Include="..\src\main\include\log4cxx\helpers\appenderattachableimpl.h">
      <Filter>头文件</Filter>
    </ClInclude>
    <ClInclude Include="..\src\main\include\log4cxx\appenderskeleton.h">
      <Filter>头文件</Filter>
    </ClInclude>
    <ClInclude Include="..\src\main\include\log4cxx\helpers\aprinitializer.h">
      <Filter>头文件</Filter>
    </ClInclude>
    <ClInclude Include="..\src\main\include\log4cxx\asyncappender.h">
      <Filter>头文件</Filter>
    </ClInclude>
    <ClInclude Include="..\src\main\include\log4cxx\basicconfigurator.h">
      <Filter>头文件</Filter>
    </ClInclude>
    <ClInclude Include="..\src\main\include\log4cxx\helpers\bufferedoutputstream.h">
      <Filter>头文件</Filter>
    </ClInclude>
    <ClInclude Include="..\src\main\include\log4cxx\helpers\bufferedwriter.h">
      <Filter>头文件</Filter>
    </ClInclude>
    <ClInclude Include="..\src\main\include\log4cxx\helpers\bytearrayinputstream.h">
      <Filter>头文件</Filter>
    </ClInclude>
    <ClInclude Include="..\src\main\include\log4cxx\helpers\bytearrayoutputstream.h">
      <Filter>头文件</Filter>
    </ClInclude>
    <ClInclude Include="..\src\main\include\log4cxx\helpers\bytebuffer.h">
      <Filter>头文件</Filter>
    </ClInclude>
    <ClInclude Include="..\src\main\include\log4cxx\helpers\cacheddateformat.h">
      <Filter>头文件</Filter>
    </ClInclude>
    <ClInclude Include="..\src\main\include\log4cxx\helpers\charsetdecoder.h">
      <Filter>头文件</Filter>
    </ClInclude>
    <ClInclude Include="..\src\main\include\log4cxx\helpers\charsetencoder.h">
      <Filter>头文件</Filter>
    </ClInclude>
    <ClInclude Include="..\src\main\include\log4cxx\helpers\class.h">
      <Filter>头文件</Filter>
    </ClInclude>
    <ClInclude Include="..\src\main\include\log4cxx\pattern\classnamepatternconverter.h">
      <Filter>头文件</Filter>
    </ClInclude>
    <ClInclude Include="..\src\main\include\log4cxx\helpers\classregistration.h">
      <Filter>头文件</Filter>
    </ClInclude>
    <ClInclude Include="..\src\main\include\log4cxx\helpers\condition.h">
      <Filter>头文件</Filter>
    </ClInclude>
    <ClInclude Include="..\src\main\include\log4cxx\spi\configurator.h">
      <Filter>头文件</Filter>
    </ClInclude>
    <ClInclude Include="..\src\main\include\log4cxx\consoleappender.h">
      <Filter>头文件</Filter>
    </ClInclude>
    <ClInclude Include="..\src\main\include\log4cxx\helpers\cyclicbuffer.h">
      <Filter>头文件</Filter>
    </ClInclude>
    <ClInclude Include="..\src\main\include\log4cxx\dailyrollingfileappender.h">
      <Filter>头文件</Filter>
    </ClInclude>
    <ClInclude Include="..\src\main\include\log4cxx\helpers\datagrampacket.h">
      <Filter>头文件</Filter>
    </ClInclude>
    <ClInclude Include="..\src\main\include\log4cxx\helpers\datagramsocket.h">
      <Filter>头文件</Filter>
    </ClInclude>
    <ClInclude Include="..\src\main\include\log4cxx\helpers\date.h">
      <Filter>头文件</Filter>
    </ClInclude>
    <ClInclude Include="..\src\main\include\log4cxx\helpers\dateformat.h">
      <Filter>头文件</Filter>
    </ClInclude>
    <ClInclude Include="..\src\main\include\log4cxx\helpers\datelayout.h">
      <Filter>头文件</Filter>
    </ClInclude>
    <ClInclude Include="..\src\main\include\log4cxx\pattern\datepatternconverter.h">
      <Filter>头文件</Filter>
    </ClInclude>
    <ClInclude Include="..\src\main\include\log4cxx\helpers\datetimedateformat.h">
      <Filter>头文件</Filter>
    </ClInclude>
    <ClInclude Include="..\src\main\include\log4cxx\defaultconfigurator.h">
      <Filter>头文件</Filter>
    </ClInclude>
    <ClInclude Include="..\src\main\include\log4cxx\defaultloggerfactory.h">
      <Filter>头文件</Filter>
    </ClInclude>
    <ClInclude Include="..\src\main\include\log4cxx\spi\defaultrepositoryselector.h">
      <Filter>头文件</Filter>
    </ClInclude>
    <ClInclude Include="..\src\main\include\log4cxx\filter\denyallfilter.h">
      <Filter>头文件</Filter>
    </ClInclude>
    <ClInclude Include="..\src\main\include\log4cxx\xml\domconfigurator.h">
      <Filter>头文件</Filter>
    </ClInclude>
    <ClInclude Include="..\src\main\include\log4cxx\spi\errorhandler.h">
      <Filter>头文件</Filter>
    </ClInclude>
    <ClInclude Include="..\src\main\include\log4cxx\helpers\exception.h">
      <Filter>头文件</Filter>
    </ClInclude>
    <ClInclude Include="..\src\main\include\log4cxx\filter\expressionfilter.h">
      <Filter>头文件</Filter>
    </ClInclude>
    <ClInclude Include="..\src\main\include\log4cxx\varia\fallbackerrorhandler.h">
      <Filter>头文件</Filter>
    </ClInclude>
    <ClInclude Include="..\src\main\include\log4cxx\file.h">
      <Filter>头文件</Filter>
    </ClInclude>
    <ClInclude Include="..\src\main\include\log4cxx\fileappender.h">
      <Filter>头文件</Filter>
    </ClInclude>
    <ClInclude Include="..\src\main\include\log4cxx\pattern\filedatepatternconverter.h">
      <Filter>头文件</Filter>
    </ClInclude>
    <ClInclude Include="..\src\main\include\log4cxx\helpers\fileinputstream.h">
      <Filter>头文件</Filter>
    </ClInclude>
    <ClInclude Include="..\src\main\include\log4cxx\pattern\filelocationpatternconverter.h">
      <Filter>头文件</Filter>
    </ClInclude>
    <ClInclude Include="..\src\main\include\log4cxx\helpers\fileoutputstream.h">
      <Filter>头文件</Filter>
    </ClInclude>
    <ClInclude Include="..\src\main\include\log4cxx\rolling\filerenameaction.h">
      <Filter>头文件</Filter>
    </ClInclude>
    <ClInclude Include="..\src\main\include\log4cxx\helpers\filewatchdog.h">
      <Filter>头文件</Filter>
    </ClInclude>
    <ClInclude Include="..\src\main\include\log4cxx\spi\filter.h">
      <Filter>头文件</Filter>
    </ClInclude>
    <ClInclude Include="..\src\main\include\log4cxx\rolling\filterbasedtriggeringpolicy.h">
      <Filter>头文件</Filter>
    </ClInclude>
    <ClInclude Include="..\src\main\include\log4cxx\rolling\fixedwindowrollingpolicy.h">
      <Filter>头文件</Filter>
    </ClInclude>
    <ClInclude Include="..\src\main\include\log4cxx\pattern\formattinginfo.h">
      <Filter>头文件</Filter>
    </ClInclude>
    <ClInclude Include="..\src\main\include\log4cxx\pattern\fulllocationpatternconverter.h">
      <Filter>头文件</Filter>
    </ClInclude>
    <ClInclude Include="..\src\main\include\log4cxx\rolling\gzcompressaction.h">
      <Filter>头文件</Filter>
    </ClInclude>
    <ClInclude Include="..\src\main\include\log4cxx\hierarchy.h">
      <Filter>头文件</Filter>
    </ClInclude>
    <ClInclude Include="..\src\main\include\log4cxx\spi\hierarchyeventlistener.h">
      <Filter>头文件</Filter>
    </ClInclude>
    <ClInclude Include="..\src\main\include\log4cxx\htmllayout.h">
      <Filter>头文件</Filter>
    </ClInclude>
    <ClInclude Include="..\src\main\include\log4cxx\helpers\inetaddress.h">
      <Filter>头文件</Filter>
    </ClInclude>
    <ClInclude Include="..\src\main\include\log4cxx\helpers\inputstream.h">
      <Filter>头文件</Filter>
    </ClInclude>
    <ClInclude Include="..\src\main\include\log4cxx\helpers\inputstreamreader.h">
      <Filter>头文件</Filter>
    </ClInclude>
    <ClInclude Include="..\src\main\include\log4cxx\helpers\integer.h">
      <Filter>头文件</Filter>
    </ClInclude>
    <ClInclude Include="..\src\main\include\log4cxx\pattern\integerpatternconverter.h">
      <Filter>头文件</Filter>
    </ClInclude>
    <ClInclude Include="..\src\main\include\log4cxx\helpers\iso8601dateformat.h">
      <Filter>头文件</Filter>
    </ClInclude>
    <ClInclude Include="..\src\main\include\log4cxx\layout.h">
      <Filter>头文件</Filter>
    </ClInclude>
    <ClInclude Include="..\src\main\include\log4cxx\level.h">
      <Filter>头文件</Filter>
    </ClInclude>
    <ClInclude Include="..\src\main\include\log4cxx\filter\levelmatchfilter.h">
      <Filter>头文件</Filter>
    </ClInclude>
    <ClInclude Include="..\src\main\include\log4cxx\pattern\levelpatternconverter.h">
      <Filter>头文件</Filter>
    </ClInclude>
    <ClInclude Include="..\src\main\include\log4cxx\filter\levelrangefilter.h">
      <Filter>头文件</Filter>
    </ClInclude>
    <ClInclude Include="..\src\main\include\log4cxx\pattern\linelocationpatternconverter.h">
      <Filter>头文件</Filter>
    </ClInclude>
    <ClInclude Include="..\src\main\include\log4cxx\pattern\lineseparatorpatternconverter.h">
      <Filter>头文件</Filter>
    </ClInclude>
    <ClInclude Include="..\src\main\include\log4cxx\pattern\literalpatternconverter.h">
      <Filter>头文件</Filter>
    </ClInclude>
    <ClInclude Include="..\src\main\include\log4cxx\helpers\loader.h">
      <Filter>头文件</Filter>
    </ClInclude>
    <ClInclude Include="..\src\main\include\log4cxx\helpers\locale.h">
      <Filter>头文件</Filter>
    </ClInclude>
    <ClInclude Include="..\src\main\include\log4cxx\spi\location\locationinfo.h">
      <Filter>头文件</Filter>
    </ClInclude>
    <ClInclude Include="..\src\main\include\log4cxx\filter\locationinfofilter.h">
      <Filter>头文件</Filter>
    </ClInclude>
    <ClInclude Include="..\src\main\include\log4cxx\log4cxx.h">
      <Filter>头文件</Filter>
    </ClInclude>
    <ClInclude Include="..\src\main\include\log4cxx\private\log4cxx_private.h">
      <Filter>头文件</Filter>
    </ClInclude>
    <ClInclude Include="..\src\main\include\log4cxx\logger.h">
      <Filter>头文件</Filter>
    </ClInclude>
    <ClInclude Include="..\src\main\include\log4cxx\spi\loggerfactory.h">
      <Filter>头文件</Filter>
    </ClInclude>
    <ClInclude Include="..\src\main\include\log4cxx\pattern\loggerpatternconverter.h">
      <Filter>头文件</Filter>
    </ClInclude>
    <ClInclude Include="..\src\main\include\log4cxx\spi\loggerrepository.h">
      <Filter>头文件</Filter>
    </ClInclude>
    <ClInclude Include="..\src\main\include\log4cxx\spi\loggingevent.h">
      <Filter>头文件</Filter>
    </ClInclude>
    <ClInclude Include="..\src\main\include\log4cxx\pattern\loggingeventpatternconverter.h">
      <Filter>头文件</Filter>
    </ClInclude>
    <ClInclude Include="..\src\main\include\log4cxx\helpers\loglog.h">
      <Filter>头文件</Filter>
    </ClInclude>
    <ClInclude Include="..\src\main\include\log4cxx\logmanager.h">
      <Filter>头文件</Filter>
    </ClInclude>
    <ClInclude Include="..\src\main\include\log4cxx\logstring.h">
      <Filter>头文件</Filter>
    </ClInclude>
    <ClInclude Include="..\src\main\include\log4cxx\rolling\manualtriggeringpolicy.h">
      <Filter>头文件</Filter>
    </ClInclude>
    <ClInclude Include="..\src\main\include\log4cxx\filter\mapfilter.h">
      <Filter>头文件</Filter>
    </ClInclude>
    <ClInclude Include="..\src\main\include\log4cxx\mdc.h">
      <Filter>头文件</Filter>
    </ClInclude>
    <ClInclude Include="..\src\main\include\log4cxx\helpers\messagebuffer.h">
      <Filter>头文件</Filter>
    </ClInclude>
    <ClInclude Include="..\src\main\include\log4cxx\pattern\messagepatternconverter.h">
      <Filter>头文件</Filter>
    </ClInclude>
    <ClInclude Include="..\src\main\include\log4cxx\pattern\methodlocationpatternconverter.h">
      <Filter>头文件</Filter>
    </ClInclude>
    <ClInclude Include="..\src\main\include\log4cxx\helpers\mutex.h">
      <Filter>头文件</Filter>
    </ClInclude>
    <ClInclude Include="..\src\main\include\log4cxx\pattern\nameabbreviator.h">
      <Filter>头文件</Filter>
    </ClInclude>
    <ClInclude Include="..\src\main\include\log4cxx\pattern\namepatternconverter.h">
      <Filter>头文件</Filter>
    </ClInclude>
    <ClInclude Include="..\src\main\include\log4cxx\ndc.h">
      <Filter>头文件</Filter>
    </ClInclude>
    <ClInclude Include="..\src\main\include\log4cxx\pattern\ndcpatternconverter.h">
      <Filter>头文件</Filter>
    </ClInclude>
    <ClInclude Include="..\src\main\include\log4cxx\nt\nteventlogappender.h">
      <Filter>头文件</Filter>
    </ClInclude>
    <ClInclude Include="..\src\main\include\log4cxx\helpers\object.h">
      <Filter>头文件</Filter>
    </ClInclude>
    <ClInclude Include="..\src\main\include\log4cxx\helpers\objectimpl.h">
      <Filter>头文件</Filter>
    </ClInclude>
    <ClInclude Include="..\src\main\include\log4cxx\helpers\objectoutputstream.h">
      <Filter>头文件</Filter>
    </ClInclude>
    <ClInclude Include="..\src\main\include\log4cxx\helpers\objectptr.h">
      <Filter>头文件</Filter>
    </ClInclude>
    <ClInclude Include="..\src\main\include\log4cxx\db\odbcappender.h">
      <Filter>头文件</Filter>
    </ClInclude>
    <ClInclude Include="..\src\main\include\log4cxx\helpers\onlyonceerrorhandler.h">
      <Filter>头文件</Filter>
    </ClInclude>
    <ClInclude Include="..\src\main\include\log4cxx\helpers\optionconverter.h">
      <Filter>头文件</Filter>
    </ClInclude>
    <ClInclude Include="..\src\main\include\log4cxx\spi\optionhandler.h">
      <Filter>头文件</Filter>
    </ClInclude>
    <ClInclude Include="..\src\main\include\log4cxx\nt\outputdebugstringappender.h">
      <Filter>头文件</Filter>
    </ClInclude>
    <ClInclude Include="..\src\main\include\log4cxx\helpers\outputstream.h">
      <Filter>头文件</Filter>
    </ClInclude>
    <ClInclude Include="..\src\main\include\log4cxx\helpers\outputstreamwriter.h">
      <Filter>头文件</Filter>
    </ClInclude>
    <ClInclude Include="..\src\main\include\log4cxx\pattern\patternconverter.h">
      <Filter>头文件</Filter>
    </ClInclude>
    <ClInclude Include="..\src\main\include\log4cxx\patternlayout.h">
      <Filter>头文件</Filter>
    </ClInclude>
    <ClInclude Include="..\src\main\include\log4cxx\pattern\patternparser.h">
      <Filter>头文件</Filter>
    </ClInclude>
    <ClInclude Include="..\src\main\include\log4cxx\helpers\pool.h">
      <Filter>头文件</Filter>
    </ClInclude>
    <ClInclude Include="..\src\main\include\log4cxx\portability.h">
      <Filter>头文件</Filter>
    </ClInclude>
    <ClInclude Include="..\src\main\include\log4cxx\helpers\properties.h">
      <Filter>头文件</Filter>
    </ClInclude>
    <ClInclude Include="..\src\main\include\log4cxx\pattern\propertiespatternconverter.h">
      <Filter>头文件</Filter>
    </ClInclude>
    <ClInclude Include="..\src\main\include\log4cxx\propertyconfigurator.h">
      <Filter>头文件</Filter>
    </ClInclude>
    <ClInclude Include="..\src\main\include\log4cxx\filter\propertyfilter.h">
      <Filter>头文件</Filter>
    </ClInclude>
    <ClInclude Include="..\src\main\include\log4cxx\helpers\propertyresourcebundle.h">
      <Filter>头文件</Filter>
    </ClInclude>
    <ClInclude Include="..\src\main\include\log4cxx\config\propertysetter.h">
      <Filter>头文件</Filter>
    </ClInclude>
    <ClInclude Include="..\src\main\include\log4cxx\provisionnode.h">
      <Filter>头文件</Filter>
    </ClInclude>
    <ClInclude Include="..\src\main\include\log4cxx\helpers\reader.h">
      <Filter>头文件</Filter>
    </ClInclude>
    <ClInclude Include="..\src\main\include\log4cxx\helpers\relativetimedateformat.h">
      <Filter>头文件</Filter>
    </ClInclude>
    <ClInclude Include="..\src\main\include\log4cxx\pattern\relativetimepatternconverter.h">
      <Filter>头文件</Filter>
    </ClInclude>
    <ClInclude Include="..\src\main\include\log4cxx\spi\repositoryselector.h">
      <Filter>头文件</Filter>
    </ClInclude>
    <ClInclude Include="..\src\main\include\log4cxx\helpers\resourcebundle.h">
      <Filter>头文件</Filter>
    </ClInclude>
    <ClInclude Include="..\src\main\include\log4cxx\rolling\rollingfileappender.h">
      <Filter>头文件</Filter>
    </ClInclude>
    <ClInclude Include="..\src\main\include\log4cxx\rollingfileappender.h">
      <Filter>头文件</Filter>
    </ClInclude>
    <ClInclude Include="..\src\main\include\log4cxx\rolling\rollingfileappenderskeleton.h">
      <Filter>头文件</Filter>
    </ClInclude>
    <ClInclude Include="..\src\main\include\log4cxx\rolling\rollingpolicy.h">
      <Filter>头文件</Filter>
    </ClInclude>
    <ClInclude Include="..\src\main\include\log4cxx\rolling\rollingpolicybase.h">
      <Filter>头文件</Filter>
    </ClInclude>
    <ClInclude Include="..\src\main\include\log4cxx\rolling\rolloverdescription.h">
      <Filter>头文件</Filter>
    </ClInclude>
    <ClInclude Include="..\src\main\include\log4cxx\spi\rootlogger.h">
      <Filter>头文件</Filter>
    </ClInclude>
    <ClInclude Include="..\src\main\include\log4cxx\helpers\serversocket.h">
      <Filter>头文件</Filter>
    </ClInclude>
    <ClInclude Include="..\src\main\include\log4cxx\helpers\simpledateformat.h">
      <Filter>头文件</Filter>
    </ClInclude>
    <ClInclude Include="..\src\main\include\log4cxx\simplelayout.h">
      <Filter>头文件</Filter>
    </ClInclude>
    <ClInclude Include="..\src\main\include\log4cxx\rolling\sizebasedtriggeringpolicy.h">
      <Filter>头文件</Filter>
    </ClInclude>
    <ClInclude Include="..\src\main\include\log4cxx\net\smtpappender.h">
      <Filter>头文件</Filter>
    </ClInclude>
    <ClInclude Include="..\src\main\include\log4cxx\helpers\socket.h">
      <Filter>头文件</Filter>
    </ClInclude>
    <ClInclude Include="..\src\main\include\log4cxx\net\socketappender.h">
      <Filter>头文件</Filter>
    </ClInclude>
    <ClInclude Include="..\src\main\include\log4cxx\net\socketappenderskeleton.h">
      <Filter>头文件</Filter>
    </ClInclude>
    <ClInclude Include="..\src\main\include\log4cxx\net\sockethubappender.h">
      <Filter>头文件</Filter>
    </ClInclude>
    <ClInclude Include="..\src\main\include\log4cxx\helpers\socketoutputstream.h">
      <Filter>头文件</Filter>
    </ClInclude>
    <ClInclude Include="..\src\main\include\log4cxx\stream.h">
      <Filter>头文件</Filter>
    </ClInclude>
    <ClInclude Include="..\src\main\include\log4cxx\helpers\strftimedateformat.h">
      <Filter>头文件</Filter>
    </ClInclude>
    <ClInclude Include="..\src\main\include\log4cxx\helpers\strictmath.h">
      <Filter>头文件</Filter>
    </ClInclude>
    <ClInclude Include="..\src\main\include\log4cxx\helpers\stringhelper.h">
      <Filter>头文件</Filter>
    </ClInclude>
    <ClInclude Include="..\src\main\include\log4cxx\filter\stringmatchfilter.h">
      <Filter>头文件</Filter>
    </ClInclude>
    <ClInclude Include="..\src\main\include\log4cxx\helpers\stringtokenizer.h">
      <Filter>头文件</Filter>
    </ClInclude>
    <ClInclude Include="..\src\main\include\log4cxx\helpers\synchronized.h">
      <Filter>头文件</Filter>
    </ClInclude>
    <ClInclude Include="..\src\main\include\log4cxx\net\syslogappender.h">
      <Filter>头文件</Filter>
    </ClInclude>
    <ClInclude Include="..\src\main\include\log4cxx\helpers\syslogwriter.h">
      <Filter>头文件</Filter>
    </ClInclude>
    <ClInclude Include="..\src\main\include\log4cxx\helpers\system.h">
      <Filter>头文件</Filter>
    </ClInclude>
    <ClInclude Include="..\src\main\include\log4cxx\helpers\systemerrwriter.h">
      <Filter>头文件</Filter>
    </ClInclude>
    <ClInclude Include="..\src\main\include\log4cxx\helpers\systemoutwriter.h">
      <Filter>头文件</Filter>
    </ClInclude>
    <ClInclude Include="..\src\main\include\log4cxx\helpers\tchar.h">
      <Filter>头文件</Filter>
    </ClInclude>
    <ClInclude Include="..\src\main\include\log4cxx\net\telnetappender.h">
      <Filter>头文件</Filter>
    </ClInclude>
    <ClInclude Include="..\src\main\include\log4cxx\helpers\thread.h">
      <Filter>头文件</Filter>
    </ClInclude>
    <ClInclude Include="..\src\main\include\log4cxx\helpers\threadlocal.h">
      <Filter>头文件</Filter>
    </ClInclude>
    <ClInclude Include="..\src\main\include\log4cxx\pattern\threadpatternconverter.h">
      <Filter>头文件</Filter>
    </ClInclude>
    <ClInclude Include="..\src\main\include\log4cxx\helpers\threadspecificdata.h">
      <Filter>头文件</Filter>
    </ClInclude>
    <ClInclude Include="..\src\main\include\log4cxx\pattern\throwableinformationpatternconverter.h">
      <Filter>头文件</Filter>
    </ClInclude>
    <ClInclude Include="..\src\main\include\log4cxx\rolling\timebasedrollingpolicy.h">
      <Filter>头文件</Filter>
    </ClInclude>
    <ClInclude Include="..\src\main\include\log4cxx\helpers\timezone.h">
      <Filter>头文件</Filter>
    </ClInclude>
    <ClInclude Include="..\src\main\include\log4cxx\helpers\transcoder.h">
      <Filter>头文件</Filter>
    </ClInclude>
    <ClInclude Include="..\src\main\include\log4cxx\helpers\transform.h">
      <Filter>头文件</Filter>
    </ClInclude>
    <ClInclude Include="..\src\main\include\log4cxx\spi\triggeringeventevaluator.h">
      <Filter>头文件</Filter>
    </ClInclude>
    <ClInclude Include="..\src\main\include\log4cxx\rolling\triggeringpolicy.h">
      <Filter>头文件</Filter>
    </ClInclude>
    <ClInclude Include="..\src\main\include\log4cxx\ttcclayout.h">
      <Filter>头文件</Filter>
    </ClInclude>
    <ClInclude Include="..\src\main\include\log4cxx\helpers\writer.h">
      <Filter>头文件</Filter>
    </ClInclude>
    <ClInclude Include="..\src\main\include\log4cxx\writerappender.h">
      <Filter>头文件</Filter>
    </ClInclude>
    <ClInclude Include="..\src\main\include\log4cxx\helpers\xml.h">
      <Filter>头文件</Filter>
    </ClInclude>
    <ClInclude Include="..\src\main\include\log4cxx\xml\xmllayout.h">
      <Filter>头文件</Filter>
    </ClInclude>
    <ClInclude Include="..\src\main\include\log4cxx\net\xmlsocketappender.h">
      <Filter>头文件</Filter>
    </ClInclude>
    <ClInclude Include="..\src\main\include\log4cxx\rolling\zipcompressaction.h">
      <Filter>头文件</Filter>
    </ClInclude>
    <ClCompile Include="..\src\main\include\log4cxx\helpers\absolutetimedateformat.h">
      <Filter>头文件</Filter>
    </ClCompile>
  </ItemGroup>
</Project>